// !$*UTF8*$!
{
	archiveVersion = 1;
	classes = {
	};
	objectVersion = 46;
	objects = {

/* Begin PBXBuildFile section */
		055A815D15CD45CF0033FA0C /* Foundation.framework in Frameworks */ = {isa = PBXBuildFile; fileRef = 058DE9B015CD42DE002F07A3 /* Foundation.framework */; };
		055A816C15CD45D00033FA0C /* SenTestingKit.framework in Frameworks */ = {isa = PBXBuildFile; fileRef = 055A816B15CD45D00033FA0C /* SenTestingKit.framework */; };
		055A816D15CD45D00033FA0C /* UIKit.framework in Frameworks */ = {isa = PBXBuildFile; fileRef = 058DE9AE15CD42DE002F07A3 /* UIKit.framework */; };
		055A816E15CD45D00033FA0C /* Foundation.framework in Frameworks */ = {isa = PBXBuildFile; fileRef = 058DE9B015CD42DE002F07A3 /* Foundation.framework */; };
		055A817715CD45D00033FA0C /* InfoPlist.strings in Resources */ = {isa = PBXBuildFile; fileRef = 055A817515CD45D00033FA0C /* InfoPlist.strings */; };
		055A817A15CD45D00033FA0C /* WorldKitCommonTests.m in Sources */ = {isa = PBXBuildFile; fileRef = 055A817915CD45D00033FA0C /* WorldKitCommonTests.m */; };
		055A818215CD46560033FA0C /* AsyncSocket.m in Sources */ = {isa = PBXBuildFile; fileRef = 059BCBDA15BADEC8006DD9DC /* AsyncSocket.m */; };
		055A818815CD46560033FA0C /* TCAsyncHashProtocol.m in Sources */ = {isa = PBXBuildFile; fileRef = 059BCBD615BADE22006DD9DC /* TCAsyncHashProtocol.m */; };
		055A818A15CD46620033FA0C /* WorldEntity.m in Sources */ = {isa = PBXBuildFile; fileRef = 05F77A0F15B84E180059B13A /* WorldEntity.m */; };
		055A818C15CD46620033FA0C /* WorldGame.m in Sources */ = {isa = PBXBuildFile; fileRef = 059BCC2415C04F46006DD9DC /* WorldGame.m */; };
		055A818E15CD46620033FA0C /* WorldGamePlayer.m in Sources */ = {isa = PBXBuildFile; fileRef = 059BCC2B15C053F0006DD9DC /* WorldGamePlayer.m */; };
		055A819015CD46620033FA0C /* WorldContainer.m in Sources */ = {isa = PBXBuildFile; fileRef = 059BCC4415C08589006DD9DC /* WorldContainer.m */; };
		055A819715CD48C60033FA0C /* MARTNSObject.m in Sources */ = {isa = PBXBuildFile; fileRef = 059BCC9415C959CE006DD9DC /* MARTNSObject.m */; settings = {COMPILER_FLAGS = "-fno-objc-arc"; }; };
		055A819815CD48C60033FA0C /* RTIvar.m in Sources */ = {isa = PBXBuildFile; fileRef = 059BCC9615C959CE006DD9DC /* RTIvar.m */; settings = {COMPILER_FLAGS = "-fno-objc-arc"; }; };
		055A819915CD48C60033FA0C /* RTMethod.m in Sources */ = {isa = PBXBuildFile; fileRef = 059BCC9815C959CE006DD9DC /* RTMethod.m */; settings = {COMPILER_FLAGS = "-fno-objc-arc"; }; };
		055A819A15CD48C60033FA0C /* RTProperty.m in Sources */ = {isa = PBXBuildFile; fileRef = 059BCC9A15C959CE006DD9DC /* RTProperty.m */; settings = {COMPILER_FLAGS = "-fno-objc-arc"; }; };
		055A819B15CD48C60033FA0C /* RTProtocol.m in Sources */ = {isa = PBXBuildFile; fileRef = 059BCC9C15C959CE006DD9DC /* RTProtocol.m */; settings = {COMPILER_FLAGS = "-fno-objc-arc"; }; };
		055A819C15CD48C60033FA0C /* RTUnregisteredClass.m in Sources */ = {isa = PBXBuildFile; fileRef = 059BCC9E15C959CE006DD9DC /* RTUnregisteredClass.m */; settings = {COMPILER_FLAGS = "-fno-objc-arc"; }; };
		055A819D15CD48F70033FA0C /* SPDepends.m in Sources */ = {isa = PBXBuildFile; fileRef = 059BCC1415C0485D006DD9DC /* SPDepends.m */; settings = {COMPILER_FLAGS = "-fno-objc-arc"; }; };
		055A819E15CD48F70033FA0C /* SPFunctional.m in Sources */ = {isa = PBXBuildFile; fileRef = 059BCC1615C0485D006DD9DC /* SPFunctional.m */; settings = {COMPILER_FLAGS = "-fno-objc-arc"; }; };
		055A819F15CD48F70033FA0C /* SPKVONotificationCenter.m in Sources */ = {isa = PBXBuildFile; fileRef = 059BCC1815C0485D006DD9DC /* SPKVONotificationCenter.m */; settings = {COMPILER_FLAGS = "-fno-objc-arc"; }; };
		055A81A015CD48F70033FA0C /* SPLowVerbosity.m in Sources */ = {isa = PBXBuildFile; fileRef = 059BCC1A15C0485D006DD9DC /* SPLowVerbosity.m */; settings = {COMPILER_FLAGS = "-fno-objc-arc"; }; };
		058D88C81638318B00B97810 /* WorldContainerDebugDumper.m in Sources */ = {isa = PBXBuildFile; fileRef = 058D88C71638318A00B97810 /* WorldContainerDebugDumper.m */; };
		05AD0D8816341D9500DF7452 /* Foundation.framework in Frameworks */ = {isa = PBXBuildFile; fileRef = 058DE9B015CD42DE002F07A3 /* Foundation.framework */; };
		05AD0DA516341D9E00DF7452 /* Foundation.framework in Frameworks */ = {isa = PBXBuildFile; fileRef = 058DE9B015CD42DE002F07A3 /* Foundation.framework */; };
		05AD0DAB16341DC400DF7452 /* WorldServerTypes.m in Sources */ = {isa = PBXBuildFile; fileRef = 059BCC2F15C0838D006DD9DC /* WorldServerTypes.m */; };
		05AD0DAC16341DC600DF7452 /* WorldServerPlayer.m in Sources */ = {isa = PBXBuildFile; fileRef = 05F77A2515BA06830059B13A /* WorldServerPlayer.m */; };
		05AD0DAD16341DC700DF7452 /* WorldGameServer.m in Sources */ = {isa = PBXBuildFile; fileRef = 059BCBCB15BADD0A006DD9DC /* WorldGameServer.m */; };
		05AD0DAE16341DCA00DF7452 /* WorldMasterServer.m in Sources */ = {isa = PBXBuildFile; fileRef = 059BCC0F15C04771006DD9DC /* WorldMasterServer.m */; };
		05AD0DAF16341DD300DF7452 /* WorldGameClient.m in Sources */ = {isa = PBXBuildFile; fileRef = 059BCBC715BADD01006DD9DC /* WorldGameClient.m */; };
		05AD0DB016341DD400DF7452 /* WorldMasterClient.m in Sources */ = {isa = PBXBuildFile; fileRef = 05BB831E161C7FE400EA4DE3 /* WorldMasterClient.m */; };
		05AD0E26163429A100DF7452 /* WorldEntity+debug.m in Sources */ = {isa = PBXBuildFile; fileRef = 05AD0E25163429A100DF7452 /* WorldEntity+debug.m */; };
		05AD0E501634B21900DF7452 /* libWorldKitCommon.a in Frameworks */ = {isa = PBXBuildFile; fileRef = 055A815C15CD45CF0033FA0C /* libWorldKitCommon.a */; };
		05AD0E531634B60600DF7452 /* WorldEntityTest.m in Sources */ = {isa = PBXBuildFile; fileRef = 05AD0E521634B60600DF7452 /* WorldEntityTest.m */; };
		05AD0E541634B72400DF7452 /* CFNetwork.framework in Frameworks */ = {isa = PBXBuildFile; fileRef = 055A81A415CD49950033FA0C /* CFNetwork.framework */; };
		05BAE7F4161C89D700F370BA /* SPLifetimeGlue.m in Sources */ = {isa = PBXBuildFile; fileRef = 05BAE7F3161C89D700F370BA /* SPLifetimeGlue.m */; settings = {COMPILER_FLAGS = "-fno-objc-arc"; }; };
		05C7482A17B060AA002451D4 /* GCDAsyncUdpSocket.m in Sources */ = {isa = PBXBuildFile; fileRef = 05C7482917B060AA002451D4 /* GCDAsyncUdpSocket.m */; };
		05C96CDF17B05C3E001B1CDF /* TCAHPAsyncSocketTransport.m in Sources */ = {isa = PBXBuildFile; fileRef = 05C96CDC17B05C3E001B1CDF /* TCAHPAsyncSocketTransport.m */; };
		05C96CE017B05C3E001B1CDF /* TCAHPTransport.m in Sources */ = {isa = PBXBuildFile; fileRef = 05C96CDE17B05C3E001B1CDF /* TCAHPTransport.m */; };
		05C96D4C17B06054001B1CDF /* EmiConnTime.cc in Sources */ = {isa = PBXBuildFile; fileRef = 05C96CEB17B06054001B1CDF /* EmiConnTime.cc */; };
		05C96D4D17B06054001B1CDF /* EmiDataArrivalRate.cc in Sources */ = {isa = PBXBuildFile; fileRef = 05C96CEE17B06054001B1CDF /* EmiDataArrivalRate.cc */; };
		05C96D4E17B06054001B1CDF /* EmiLinkCapacity.cc in Sources */ = {isa = PBXBuildFile; fileRef = 05C96CF017B06054001B1CDF /* EmiLinkCapacity.cc */; };
		05C96D4F17B06054001B1CDF /* EmiLossList.cc in Sources */ = {isa = PBXBuildFile; fileRef = 05C96CF317B06054001B1CDF /* EmiLossList.cc */; };
		05C96D5017B06054001B1CDF /* EmiMessageHeader.cc in Sources */ = {isa = PBXBuildFile; fileRef = 05C96CF817B06054001B1CDF /* EmiMessageHeader.cc */; };
		05C96D5117B06054001B1CDF /* EmiNetUtil.cc in Sources */ = {isa = PBXBuildFile; fileRef = 05C96CFC17B06054001B1CDF /* EmiNetUtil.cc */; };
		05C96D5217B06054001B1CDF /* EmiPacketHeader.cc in Sources */ = {isa = PBXBuildFile; fileRef = 05C96D0317B06054001B1CDF /* EmiPacketHeader.cc */; };
		05C96D5317B06054001B1CDF /* EmiRC4.cc in Sources */ = {isa = PBXBuildFile; fileRef = 05C96D0517B06054001B1CDF /* EmiRC4.cc */; };
		05C96D6417B06054001B1CDF /* EmiBinding.mm in Sources */ = {isa = PBXBuildFile; fileRef = 05C96D2E17B06054001B1CDF /* EmiBinding.mm */; };
		05C96D6517B06054001B1CDF /* EmiConnDelegate.mm in Sources */ = {isa = PBXBuildFile; fileRef = 05C96D3017B06054001B1CDF /* EmiConnDelegate.mm */; };
		05C96D6617B06054001B1CDF /* EmiConnection.mm in Sources */ = {isa = PBXBuildFile; fileRef = 05C96D3217B06054001B1CDF /* EmiConnection.mm */; };
		05C96D6717B06054001B1CDF /* EmiConnectionOpenedBlockWrapper.m in Sources */ = {isa = PBXBuildFile; fileRef = 05C96D3517B06054001B1CDF /* EmiConnectionOpenedBlockWrapper.m */; };
		05C96D6817B06054001B1CDF /* EmiDispatchQueueWrapper.m in Sources */ = {isa = PBXBuildFile; fileRef = 05C96D3717B06054001B1CDF /* EmiDispatchQueueWrapper.m */; };
		05C96D6917B06054001B1CDF /* EmiDispatchTimer.mm in Sources */ = {isa = PBXBuildFile; fileRef = 05C96D3917B06054001B1CDF /* EmiDispatchTimer.mm */; };
		05C96D6A17B06054001B1CDF /* EmiP2PSocketConfig.mm in Sources */ = {isa = PBXBuildFile; fileRef = 05C96D3D17B06054001B1CDF /* EmiP2PSocketConfig.mm */; };
		05C96D6B17B06054001B1CDF /* EmiSockDelegate.mm in Sources */ = {isa = PBXBuildFile; fileRef = 05C96D4017B06054001B1CDF /* EmiSockDelegate.mm */; };
		05C96D6C17B06054001B1CDF /* EmiSocket.mm in Sources */ = {isa = PBXBuildFile; fileRef = 05C96D4217B06054001B1CDF /* EmiSocket.mm */; };
		05C96D6D17B06054001B1CDF /* EmiSocketConfig.mm in Sources */ = {isa = PBXBuildFile; fileRef = 05C96D4417B06054001B1CDF /* EmiSocketConfig.mm */; };
		05C96D6E17B06054001B1CDF /* EmiSocketUserDataWrapper.mm in Sources */ = {isa = PBXBuildFile; fileRef = 05C96D4817B06054001B1CDF /* EmiSocketUserDataWrapper.mm */; };
/* End PBXBuildFile section */

/* Begin PBXContainerItemProxy section */
		055A816F15CD45D00033FA0C /* PBXContainerItemProxy */ = {
			isa = PBXContainerItemProxy;
			containerPortal = 05F779D915B84D320059B13A /* Project object */;
			proxyType = 1;
			remoteGlobalIDString = 055A815B15CD45CF0033FA0C;
			remoteInfo = WorldKitCommon;
		};
/* End PBXContainerItemProxy section */

/* Begin PBXCopyFilesBuildPhase section */
		055A815A15CD45CF0033FA0C /* CopyFiles */ = {
			isa = PBXCopyFilesBuildPhase;
			buildActionMask = 2147483647;
			dstPath = "include/${PRODUCT_NAME}";
			dstSubfolderSpec = 16;
			files = (
			);
			runOnlyForDeploymentPostprocessing = 0;
		};
		05AD0D8916341D9500DF7452 /* CopyFiles */ = {
			isa = PBXCopyFilesBuildPhase;
			buildActionMask = 2147483647;
			dstPath = "include/${PRODUCT_NAME}";
			dstSubfolderSpec = 16;
			files = (
			);
			runOnlyForDeploymentPostprocessing = 0;
		};
		05AD0DA616341D9E00DF7452 /* CopyFiles */ = {
			isa = PBXCopyFilesBuildPhase;
			buildActionMask = 2147483647;
			dstPath = "include/${PRODUCT_NAME}";
			dstSubfolderSpec = 16;
			files = (
			);
			runOnlyForDeploymentPostprocessing = 0;
		};
/* End PBXCopyFilesBuildPhase section */

/* Begin PBXFileReference section */
		051BCBE3179CA6B80065B55D /* _WorldEntity.h */ = {isa = PBXFileReference; lastKnownFileType = sourcecode.c.h; path = _WorldEntity.h; sourceTree = "<group>"; };
		055A815C15CD45CF0033FA0C /* libWorldKitCommon.a */ = {isa = PBXFileReference; explicitFileType = archive.ar; includeInIndex = 0; path = libWorldKitCommon.a; sourceTree = BUILT_PRODUCTS_DIR; };
		055A816A15CD45D00033FA0C /* WorldKitCommonTests.octest */ = {isa = PBXFileReference; explicitFileType = wrapper.cfbundle; includeInIndex = 0; path = WorldKitCommonTests.octest; sourceTree = BUILT_PRODUCTS_DIR; };
		055A816B15CD45D00033FA0C /* SenTestingKit.framework */ = {isa = PBXFileReference; lastKnownFileType = wrapper.framework; name = SenTestingKit.framework; path = Library/Frameworks/SenTestingKit.framework; sourceTree = DEVELOPER_DIR; };
		055A817415CD45D00033FA0C /* WorldKitCommonTests-Info.plist */ = {isa = PBXFileReference; lastKnownFileType = text.plist.xml; path = "WorldKitCommonTests-Info.plist"; sourceTree = "<group>"; };
		055A817615CD45D00033FA0C /* en */ = {isa = PBXFileReference; lastKnownFileType = text.plist.strings; name = en; path = en.lproj/InfoPlist.strings; sourceTree = "<group>"; };
		055A817815CD45D00033FA0C /* WorldKitCommonTests.h */ = {isa = PBXFileReference; lastKnownFileType = sourcecode.c.h; path = WorldKitCommonTests.h; sourceTree = "<group>"; };
		055A817915CD45D00033FA0C /* WorldKitCommonTests.m */ = {isa = PBXFileReference; lastKnownFileType = sourcecode.c.objc; path = WorldKitCommonTests.m; sourceTree = "<group>"; };
		055A81A415CD49950033FA0C /* CFNetwork.framework */ = {isa = PBXFileReference; lastKnownFileType = wrapper.framework; name = CFNetwork.framework; path = Platforms/iPhoneOS.platform/Developer/SDKs/iPhoneOS6.0.sdk/System/Library/Frameworks/CFNetwork.framework; sourceTree = DEVELOPER_DIR; };
		058D88C61638318A00B97810 /* WorldContainerDebugDumper.h */ = {isa = PBXFileReference; fileEncoding = 4; lastKnownFileType = sourcecode.c.h; path = WorldContainerDebugDumper.h; sourceTree = "<group>"; };
		058D88C71638318A00B97810 /* WorldContainerDebugDumper.m */ = {isa = PBXFileReference; fileEncoding = 4; lastKnownFileType = sourcecode.c.objc; path = WorldContainerDebugDumper.m; sourceTree = "<group>"; };
		058DE9AE15CD42DE002F07A3 /* UIKit.framework */ = {isa = PBXFileReference; lastKnownFileType = wrapper.framework; name = UIKit.framework; path = Library/Frameworks/UIKit.framework; sourceTree = DEVELOPER_DIR; };
		058DE9B015CD42DE002F07A3 /* Foundation.framework */ = {isa = PBXFileReference; lastKnownFileType = wrapper.framework; name = Foundation.framework; path = Library/Frameworks/Foundation.framework; sourceTree = DEVELOPER_DIR; };
		058DE9B215CD42DE002F07A3 /* CoreGraphics.framework */ = {isa = PBXFileReference; lastKnownFileType = wrapper.framework; name = CoreGraphics.framework; path = Library/Frameworks/CoreGraphics.framework; sourceTree = DEVELOPER_DIR; };
		059BCBC715BADD01006DD9DC /* WorldGameClient.m */ = {isa = PBXFileReference; fileEncoding = 4; lastKnownFileType = sourcecode.c.objc; path = WorldGameClient.m; sourceTree = "<group>"; };
		059BCBCB15BADD0A006DD9DC /* WorldGameServer.m */ = {isa = PBXFileReference; fileEncoding = 4; lastKnownFileType = sourcecode.c.objc; path = WorldGameServer.m; sourceTree = "<group>"; };
		059BCBD515BADE22006DD9DC /* TCAsyncHashProtocol.h */ = {isa = PBXFileReference; fileEncoding = 4; lastKnownFileType = sourcecode.c.h; name = TCAsyncHashProtocol.h; path = Libraries/TCHashProto/TCAsyncHashProtocol.h; sourceTree = SOURCE_ROOT; };
		059BCBD615BADE22006DD9DC /* TCAsyncHashProtocol.m */ = {isa = PBXFileReference; fileEncoding = 4; lastKnownFileType = sourcecode.c.objc; name = TCAsyncHashProtocol.m; path = Libraries/TCHashProto/TCAsyncHashProtocol.m; sourceTree = SOURCE_ROOT; };
		059BCBD915BADEC8006DD9DC /* AsyncSocket.h */ = {isa = PBXFileReference; fileEncoding = 4; lastKnownFileType = sourcecode.c.h; name = AsyncSocket.h; path = Libraries/AsyncSocket/RunLoop/AsyncSocket.h; sourceTree = SOURCE_ROOT; };
		059BCBDA15BADEC8006DD9DC /* AsyncSocket.m */ = {isa = PBXFileReference; fileEncoding = 4; lastKnownFileType = sourcecode.c.objc; name = AsyncSocket.m; path = Libraries/AsyncSocket/RunLoop/AsyncSocket.m; sourceTree = SOURCE_ROOT; };
		059BCC0F15C04771006DD9DC /* WorldMasterServer.m */ = {isa = PBXFileReference; fileEncoding = 4; lastKnownFileType = sourcecode.c.objc; path = WorldMasterServer.m; sourceTree = "<group>"; };
		059BCC1315C0485D006DD9DC /* SPDepends.h */ = {isa = PBXFileReference; fileEncoding = 4; lastKnownFileType = sourcecode.c.h; path = SPDepends.h; sourceTree = "<group>"; };
		059BCC1415C0485D006DD9DC /* SPDepends.m */ = {isa = PBXFileReference; fileEncoding = 4; lastKnownFileType = sourcecode.c.objc; path = SPDepends.m; sourceTree = "<group>"; };
		059BCC1515C0485D006DD9DC /* SPFunctional.h */ = {isa = PBXFileReference; fileEncoding = 4; lastKnownFileType = sourcecode.c.h; path = SPFunctional.h; sourceTree = "<group>"; };
		059BCC1615C0485D006DD9DC /* SPFunctional.m */ = {isa = PBXFileReference; fileEncoding = 4; lastKnownFileType = sourcecode.c.objc; path = SPFunctional.m; sourceTree = "<group>"; };
		059BCC1715C0485D006DD9DC /* SPKVONotificationCenter.h */ = {isa = PBXFileReference; fileEncoding = 4; lastKnownFileType = sourcecode.c.h; path = SPKVONotificationCenter.h; sourceTree = "<group>"; };
		059BCC1815C0485D006DD9DC /* SPKVONotificationCenter.m */ = {isa = PBXFileReference; fileEncoding = 4; lastKnownFileType = sourcecode.c.objc; path = SPKVONotificationCenter.m; sourceTree = "<group>"; };
		059BCC1915C0485D006DD9DC /* SPLowVerbosity.h */ = {isa = PBXFileReference; fileEncoding = 4; lastKnownFileType = sourcecode.c.h; path = SPLowVerbosity.h; sourceTree = "<group>"; };
		059BCC1A15C0485D006DD9DC /* SPLowVerbosity.m */ = {isa = PBXFileReference; fileEncoding = 4; lastKnownFileType = sourcecode.c.objc; path = SPLowVerbosity.m; sourceTree = "<group>"; };
		059BCC2415C04F46006DD9DC /* WorldGame.m */ = {isa = PBXFileReference; fileEncoding = 4; lastKnownFileType = sourcecode.c.objc; path = WorldGame.m; sourceTree = "<group>"; };
		059BCC2B15C053F0006DD9DC /* WorldGamePlayer.m */ = {isa = PBXFileReference; fileEncoding = 4; lastKnownFileType = sourcecode.c.objc; path = WorldGamePlayer.m; sourceTree = "<group>"; };
		059BCC2E15C0838D006DD9DC /* WorldServerTypes.h */ = {isa = PBXFileReference; fileEncoding = 4; lastKnownFileType = sourcecode.c.h; path = WorldServerTypes.h; sourceTree = "<group>"; };
		059BCC2F15C0838D006DD9DC /* WorldServerTypes.m */ = {isa = PBXFileReference; fileEncoding = 4; lastKnownFileType = sourcecode.c.objc; path = WorldServerTypes.m; sourceTree = "<group>"; };
		059BCC4415C08589006DD9DC /* WorldContainer.m */ = {isa = PBXFileReference; fileEncoding = 4; lastKnownFileType = sourcecode.c.objc; path = WorldContainer.m; sourceTree = "<group>"; };
		059BCC9315C959CE006DD9DC /* MARTNSObject.h */ = {isa = PBXFileReference; fileEncoding = 4; lastKnownFileType = sourcecode.c.h; path = MARTNSObject.h; sourceTree = "<group>"; };
		059BCC9415C959CE006DD9DC /* MARTNSObject.m */ = {isa = PBXFileReference; fileEncoding = 4; lastKnownFileType = sourcecode.c.objc; path = MARTNSObject.m; sourceTree = "<group>"; };
		059BCC9515C959CE006DD9DC /* RTIvar.h */ = {isa = PBXFileReference; fileEncoding = 4; lastKnownFileType = sourcecode.c.h; path = RTIvar.h; sourceTree = "<group>"; };
		059BCC9615C959CE006DD9DC /* RTIvar.m */ = {isa = PBXFileReference; fileEncoding = 4; lastKnownFileType = sourcecode.c.objc; path = RTIvar.m; sourceTree = "<group>"; };
		059BCC9715C959CE006DD9DC /* RTMethod.h */ = {isa = PBXFileReference; fileEncoding = 4; lastKnownFileType = sourcecode.c.h; path = RTMethod.h; sourceTree = "<group>"; };
		059BCC9815C959CE006DD9DC /* RTMethod.m */ = {isa = PBXFileReference; fileEncoding = 4; lastKnownFileType = sourcecode.c.objc; path = RTMethod.m; sourceTree = "<group>"; };
		059BCC9915C959CE006DD9DC /* RTProperty.h */ = {isa = PBXFileReference; fileEncoding = 4; lastKnownFileType = sourcecode.c.h; path = RTProperty.h; sourceTree = "<group>"; };
		059BCC9A15C959CE006DD9DC /* RTProperty.m */ = {isa = PBXFileReference; fileEncoding = 4; lastKnownFileType = sourcecode.c.objc; path = RTProperty.m; sourceTree = "<group>"; };
		059BCC9B15C959CE006DD9DC /* RTProtocol.h */ = {isa = PBXFileReference; fileEncoding = 4; lastKnownFileType = sourcecode.c.h; path = RTProtocol.h; sourceTree = "<group>"; };
		059BCC9C15C959CE006DD9DC /* RTProtocol.m */ = {isa = PBXFileReference; fileEncoding = 4; lastKnownFileType = sourcecode.c.objc; path = RTProtocol.m; sourceTree = "<group>"; };
		059BCC9D15C959CE006DD9DC /* RTUnregisteredClass.h */ = {isa = PBXFileReference; fileEncoding = 4; lastKnownFileType = sourcecode.c.h; path = RTUnregisteredClass.h; sourceTree = "<group>"; };
		059BCC9E15C959CE006DD9DC /* RTUnregisteredClass.m */ = {isa = PBXFileReference; fileEncoding = 4; lastKnownFileType = sourcecode.c.objc; path = RTUnregisteredClass.m; sourceTree = "<group>"; };
		05AD0D8D16341D9500DF7452 /* libWorldKitServer.a */ = {isa = PBXFileReference; explicitFileType = archive.ar; includeInIndex = 0; path = libWorldKitServer.a; sourceTree = BUILT_PRODUCTS_DIR; };
		05AD0DAA16341D9E00DF7452 /* libWorldKitClient.a */ = {isa = PBXFileReference; explicitFileType = archive.ar; includeInIndex = 0; path = libWorldKitClient.a; sourceTree = BUILT_PRODUCTS_DIR; };
		05AD0E25163429A100DF7452 /* WorldEntity+debug.m */ = {isa = PBXFileReference; fileEncoding = 4; lastKnownFileType = sourcecode.c.objc; path = "WorldEntity+debug.m"; sourceTree = "<group>"; };
		05AD0E2F1634AD2500DF7452 /* WorldGameClient.h */ = {isa = PBXFileReference; lastKnownFileType = sourcecode.c.h; path = WorldGameClient.h; sourceTree = "<group>"; };
		05AD0E301634AD2500DF7452 /* WorldMasterClient.h */ = {isa = PBXFileReference; lastKnownFileType = sourcecode.c.h; path = WorldMasterClient.h; sourceTree = "<group>"; };
		05AD0E331634AD2500DF7452 /* WorldGameServer.h */ = {isa = PBXFileReference; lastKnownFileType = sourcecode.c.h; path = WorldGameServer.h; sourceTree = "<group>"; };
		05AD0E341634AD2500DF7452 /* WorldMasterServer.h */ = {isa = PBXFileReference; lastKnownFileType = sourcecode.c.h; path = WorldMasterServer.h; sourceTree = "<group>"; };
		05AD0E351634AD2500DF7452 /* WorldServerPlayer.h */ = {isa = PBXFileReference; lastKnownFileType = sourcecode.c.h; path = WorldServerPlayer.h; sourceTree = "<group>"; };
		05AD0E371634AD2500DF7452 /* WorldContainer.h */ = {isa = PBXFileReference; lastKnownFileType = sourcecode.c.h; path = WorldContainer.h; sourceTree = "<group>"; };
		05AD0E381634AD2500DF7452 /* WorldEntity+debug.h */ = {isa = PBXFileReference; lastKnownFileType = sourcecode.c.h; path = "WorldEntity+debug.h"; sourceTree = "<group>"; };
		05AD0E391634AD2500DF7452 /* WorldEntity.h */ = {isa = PBXFileReference; lastKnownFileType = sourcecode.c.h; path = WorldEntity.h; sourceTree = "<group>"; };
		05AD0E3A1634AD2500DF7452 /* WorldGame.h */ = {isa = PBXFileReference; lastKnownFileType = sourcecode.c.h; path = WorldGame.h; sourceTree = "<group>"; };
		05AD0E3B1634AD2500DF7452 /* WorldGamePlayer.h */ = {isa = PBXFileReference; lastKnownFileType = sourcecode.c.h; path = WorldGamePlayer.h; sourceTree = "<group>"; };
		05AD0E3C1634AD2500DF7452 /* WorldKit.h */ = {isa = PBXFileReference; lastKnownFileType = sourcecode.c.h; path = WorldKit.h; sourceTree = "<group>"; };
		05AD0E3D1634ADCD00DF7452 /* Shared.h */ = {isa = PBXFileReference; fileEncoding = 4; lastKnownFileType = sourcecode.c.h; path = Shared.h; sourceTree = "<group>"; };
		05AD0E3E1634ADEE00DF7452 /* Client.h */ = {isa = PBXFileReference; fileEncoding = 4; lastKnownFileType = sourcecode.c.h; path = Client.h; sourceTree = "<group>"; };
		05AD0E3F1634AE0700DF7452 /* Server.h */ = {isa = PBXFileReference; fileEncoding = 4; lastKnownFileType = sourcecode.c.h; path = Server.h; sourceTree = "<group>"; };
		05AD0E401634AEA600DF7452 /* _WorldGameClient.h */ = {isa = PBXFileReference; fileEncoding = 4; lastKnownFileType = sourcecode.c.h; path = _WorldGameClient.h; sourceTree = "<group>"; };
		05AD0E411634AF5900DF7452 /* _WorldGameServer.h */ = {isa = PBXFileReference; lastKnownFileType = sourcecode.c.h; path = _WorldGameServer.h; sourceTree = "<group>"; };
		05AD0E421634AFC900DF7452 /* _WorldMasterServer.h */ = {isa = PBXFileReference; fileEncoding = 4; lastKnownFileType = sourcecode.c.h; path = _WorldMasterServer.h; sourceTree = "<group>"; };
		05AD0E431634B08300DF7452 /* _WorldContainer.h */ = {isa = PBXFileReference; lastKnownFileType = sourcecode.c.h; path = _WorldContainer.h; sourceTree = "<group>"; };
		05AD0E511634B60600DF7452 /* WorldEntityTest.h */ = {isa = PBXFileReference; fileEncoding = 4; lastKnownFileType = sourcecode.c.h; path = WorldEntityTest.h; sourceTree = "<group>"; };
		05AD0E521634B60600DF7452 /* WorldEntityTest.m */ = {isa = PBXFileReference; fileEncoding = 4; lastKnownFileType = sourcecode.c.objc; path = WorldEntityTest.m; sourceTree = "<group>"; };
		05BAE7F2161C89D700F370BA /* SPLifetimeGlue.h */ = {isa = PBXFileReference; fileEncoding = 4; lastKnownFileType = sourcecode.c.h; path = SPLifetimeGlue.h; sourceTree = "<group>"; };
		05BAE7F3161C89D700F370BA /* SPLifetimeGlue.m */ = {isa = PBXFileReference; fileEncoding = 4; lastKnownFileType = sourcecode.c.objc; path = SPLifetimeGlue.m; sourceTree = "<group>"; };
		05BAE809161C8BAD00F370BA /* SPSuccinct.h */ = {isa = PBXFileReference; lastKnownFileType = sourcecode.c.h; path = SPSuccinct.h; sourceTree = "<group>"; };
		05BAE80A161C8D4200F370BA /* GameKit.framework */ = {isa = PBXFileReference; lastKnownFileType = wrapper.framework; name = GameKit.framework; path = Platforms/iPhoneOS.platform/Developer/SDKs/iPhoneOS6.0.sdk/System/Library/Frameworks/GameKit.framework; sourceTree = DEVELOPER_DIR; };
		05BB831E161C7FE400EA4DE3 /* WorldMasterClient.m */ = {isa = PBXFileReference; fileEncoding = 4; lastKnownFileType = sourcecode.c.objc; path = WorldMasterClient.m; sourceTree = "<group>"; };
		05C7482817B060AA002451D4 /* GCDAsyncUdpSocket.h */ = {isa = PBXFileReference; fileEncoding = 4; lastKnownFileType = sourcecode.c.h; name = GCDAsyncUdpSocket.h; path = Libraries/AsyncSocket/GCD/GCDAsyncUdpSocket.h; sourceTree = SOURCE_ROOT; };
		05C7482917B060AA002451D4 /* GCDAsyncUdpSocket.m */ = {isa = PBXFileReference; fileEncoding = 4; lastKnownFileType = sourcecode.c.objc; name = GCDAsyncUdpSocket.m; path = Libraries/AsyncSocket/GCD/GCDAsyncUdpSocket.m; sourceTree = SOURCE_ROOT; };
		05C96CDB17B05C3E001B1CDF /* TCAHPAsyncSocketTransport.h */ = {isa = PBXFileReference; fileEncoding = 4; lastKnownFileType = sourcecode.c.h; name = TCAHPAsyncSocketTransport.h; path = Libraries/TCHashProto/TCAHPAsyncSocketTransport.h; sourceTree = SOURCE_ROOT; };
		05C96CDC17B05C3E001B1CDF /* TCAHPAsyncSocketTransport.m */ = {isa = PBXFileReference; fileEncoding = 4; lastKnownFileType = sourcecode.c.objc; name = TCAHPAsyncSocketTransport.m; path = Libraries/TCHashProto/TCAHPAsyncSocketTransport.m; sourceTree = SOURCE_ROOT; };
		05C96CDD17B05C3E001B1CDF /* TCAHPTransport.h */ = {isa = PBXFileReference; fileEncoding = 4; lastKnownFileType = sourcecode.c.h; name = TCAHPTransport.h; path = Libraries/TCHashProto/TCAHPTransport.h; sourceTree = SOURCE_ROOT; };
		05C96CDE17B05C3E001B1CDF /* TCAHPTransport.m */ = {isa = PBXFileReference; fileEncoding = 4; lastKnownFileType = sourcecode.c.objc; name = TCAHPTransport.m; path = Libraries/TCHashProto/TCAHPTransport.m; sourceTree = SOURCE_ROOT; };
		05C96CE717B06054001B1CDF /* EmiAddressCmp.h */ = {isa = PBXFileReference; fileEncoding = 4; lastKnownFileType = sourcecode.c.h; path = EmiAddressCmp.h; sourceTree = "<group>"; };
		05C96CE817B06054001B1CDF /* EmiCongestionControl.h */ = {isa = PBXFileReference; fileEncoding = 4; lastKnownFileType = sourcecode.c.h; path = EmiCongestionControl.h; sourceTree = "<group>"; };
		05C96CE917B06054001B1CDF /* EmiConn.h */ = {isa = PBXFileReference; fileEncoding = 4; lastKnownFileType = sourcecode.c.h; path = EmiConn.h; sourceTree = "<group>"; };
		05C96CEA17B06054001B1CDF /* EmiConnParams.h */ = {isa = PBXFileReference; fileEncoding = 4; lastKnownFileType = sourcecode.c.h; path = EmiConnParams.h; sourceTree = "<group>"; };
		05C96CEB17B06054001B1CDF /* EmiConnTime.cc */ = {isa = PBXFileReference; fileEncoding = 4; lastKnownFileType = sourcecode.cpp.cpp; path = EmiConnTime.cc; sourceTree = "<group>"; };
		05C96CEC17B06054001B1CDF /* EmiConnTime.h */ = {isa = PBXFileReference; fileEncoding = 4; lastKnownFileType = sourcecode.c.h; path = EmiConnTime.h; sourceTree = "<group>"; };
		05C96CED17B06054001B1CDF /* EmiConnTimers.h */ = {isa = PBXFileReference; fileEncoding = 4; lastKnownFileType = sourcecode.c.h; path = EmiConnTimers.h; sourceTree = "<group>"; };
		05C96CEE17B06054001B1CDF /* EmiDataArrivalRate.cc */ = {isa = PBXFileReference; fileEncoding = 4; lastKnownFileType = sourcecode.cpp.cpp; path = EmiDataArrivalRate.cc; sourceTree = "<group>"; };
		05C96CEF17B06054001B1CDF /* EmiDataArrivalRate.h */ = {isa = PBXFileReference; fileEncoding = 4; lastKnownFileType = sourcecode.c.h; path = EmiDataArrivalRate.h; sourceTree = "<group>"; };
		05C96CF017B06054001B1CDF /* EmiLinkCapacity.cc */ = {isa = PBXFileReference; fileEncoding = 4; lastKnownFileType = sourcecode.cpp.cpp; path = EmiLinkCapacity.cc; sourceTree = "<group>"; };
		05C96CF117B06054001B1CDF /* EmiLinkCapacity.h */ = {isa = PBXFileReference; fileEncoding = 4; lastKnownFileType = sourcecode.c.h; path = EmiLinkCapacity.h; sourceTree = "<group>"; };
		05C96CF217B06054001B1CDF /* EmiLogicalConnection.h */ = {isa = PBXFileReference; fileEncoding = 4; lastKnownFileType = sourcecode.c.h; path = EmiLogicalConnection.h; sourceTree = "<group>"; };
		05C96CF317B06054001B1CDF /* EmiLossList.cc */ = {isa = PBXFileReference; fileEncoding = 4; lastKnownFileType = sourcecode.cpp.cpp; path = EmiLossList.cc; sourceTree = "<group>"; };
		05C96CF417B06054001B1CDF /* EmiLossList.h */ = {isa = PBXFileReference; fileEncoding = 4; lastKnownFileType = sourcecode.c.h; path = EmiLossList.h; sourceTree = "<group>"; };
		05C96CF517B06054001B1CDF /* EmiMedianFilter.h */ = {isa = PBXFileReference; fileEncoding = 4; lastKnownFileType = sourcecode.c.h; path = EmiMedianFilter.h; sourceTree = "<group>"; };
		05C96CF617B06054001B1CDF /* EmiMessage.h */ = {isa = PBXFileReference; fileEncoding = 4; lastKnownFileType = sourcecode.c.h; path = EmiMessage.h; sourceTree = "<group>"; };
		05C96CF717B06054001B1CDF /* EmiMessageHandler.h */ = {isa = PBXFileReference; fileEncoding = 4; lastKnownFileType = sourcecode.c.h; path = EmiMessageHandler.h; sourceTree = "<group>"; };
		05C96CF817B06054001B1CDF /* EmiMessageHeader.cc */ = {isa = PBXFileReference; fileEncoding = 4; lastKnownFileType = sourcecode.cpp.cpp; path = EmiMessageHeader.cc; sourceTree = "<group>"; };
		05C96CF917B06054001B1CDF /* EmiMessageHeader.h */ = {isa = PBXFileReference; fileEncoding = 4; lastKnownFileType = sourcecode.c.h; path = EmiMessageHeader.h; sourceTree = "<group>"; };
		05C96CFA17B06054001B1CDF /* EmiNatPunchthrough.h */ = {isa = PBXFileReference; fileEncoding = 4; lastKnownFileType = sourcecode.c.h; path = EmiNatPunchthrough.h; sourceTree = "<group>"; };
		05C96CFB17B06054001B1CDF /* EmiNetRandom.h */ = {isa = PBXFileReference; fileEncoding = 4; lastKnownFileType = sourcecode.c.h; path = EmiNetRandom.h; sourceTree = "<group>"; };
		05C96CFC17B06054001B1CDF /* EmiNetUtil.cc */ = {isa = PBXFileReference; fileEncoding = 4; lastKnownFileType = sourcecode.cpp.cpp; path = EmiNetUtil.cc; sourceTree = "<group>"; };
		05C96CFD17B06054001B1CDF /* EmiNetUtil.h */ = {isa = PBXFileReference; fileEncoding = 4; lastKnownFileType = sourcecode.c.h; path = EmiNetUtil.h; sourceTree = "<group>"; };
		05C96CFE17B06054001B1CDF /* EmiP2PConn.h */ = {isa = PBXFileReference; fileEncoding = 4; lastKnownFileType = sourcecode.c.h; path = EmiP2PConn.h; sourceTree = "<group>"; };
		05C96CFF17B06054001B1CDF /* EmiP2PData.h */ = {isa = PBXFileReference; fileEncoding = 4; lastKnownFileType = sourcecode.c.h; path = EmiP2PData.h; sourceTree = "<group>"; };
		05C96D0017B06054001B1CDF /* EmiP2PEndpoints.h */ = {isa = PBXFileReference; fileEncoding = 4; lastKnownFileType = sourcecode.c.h; path = EmiP2PEndpoints.h; sourceTree = "<group>"; };
		05C96D0117B06054001B1CDF /* EmiP2PSock.h */ = {isa = PBXFileReference; fileEncoding = 4; lastKnownFileType = sourcecode.c.h; path = EmiP2PSock.h; sourceTree = "<group>"; };
		05C96D0217B06054001B1CDF /* EmiP2PSockConfig.h */ = {isa = PBXFileReference; fileEncoding = 4; lastKnownFileType = sourcecode.c.h; path = EmiP2PSockConfig.h; sourceTree = "<group>"; };
		05C96D0317B06054001B1CDF /* EmiPacketHeader.cc */ = {isa = PBXFileReference; fileEncoding = 4; lastKnownFileType = sourcecode.cpp.cpp; path = EmiPacketHeader.cc; sourceTree = "<group>"; };
		05C96D0417B06054001B1CDF /* EmiPacketHeader.h */ = {isa = PBXFileReference; fileEncoding = 4; lastKnownFileType = sourcecode.c.h; path = EmiPacketHeader.h; sourceTree = "<group>"; };
		05C96D0517B06054001B1CDF /* EmiRC4.cc */ = {isa = PBXFileReference; fileEncoding = 4; lastKnownFileType = sourcecode.cpp.cpp; path = EmiRC4.cc; sourceTree = "<group>"; };
		05C96D0617B06054001B1CDF /* EmiRC4.h */ = {isa = PBXFileReference; fileEncoding = 4; lastKnownFileType = sourcecode.c.h; path = EmiRC4.h; sourceTree = "<group>"; };
		05C96D0717B06054001B1CDF /* EmiReceiverBuffer.h */ = {isa = PBXFileReference; fileEncoding = 4; lastKnownFileType = sourcecode.c.h; path = EmiReceiverBuffer.h; sourceTree = "<group>"; };
		05C96D0817B06054001B1CDF /* EmiRtoTimer.h */ = {isa = PBXFileReference; fileEncoding = 4; lastKnownFileType = sourcecode.c.h; path = EmiRtoTimer.h; sourceTree = "<group>"; };
		05C96D0917B06054001B1CDF /* EmiSenderBuffer.h */ = {isa = PBXFileReference; fileEncoding = 4; lastKnownFileType = sourcecode.c.h; path = EmiSenderBuffer.h; sourceTree = "<group>"; };
		05C96D0A17B06054001B1CDF /* EmiSendQueue.h */ = {isa = PBXFileReference; fileEncoding = 4; lastKnownFileType = sourcecode.c.h; path = EmiSendQueue.h; sourceTree = "<group>"; };
		05C96D0B17B06054001B1CDF /* EmiSock.h */ = {isa = PBXFileReference; fileEncoding = 4; lastKnownFileType = sourcecode.c.h; path = EmiSock.h; sourceTree = "<group>"; };
		05C96D0C17B06054001B1CDF /* EmiSockConfig.h */ = {isa = PBXFileReference; fileEncoding = 4; lastKnownFileType = sourcecode.c.h; path = EmiSockConfig.h; sourceTree = "<group>"; };
		05C96D0D17B06054001B1CDF /* EmiTypes.h */ = {isa = PBXFileReference; fileEncoding = 4; lastKnownFileType = sourcecode.c.h; path = EmiTypes.h; sourceTree = "<group>"; };
		05C96D0E17B06054001B1CDF /* EmiUdpSocket.h */ = {isa = PBXFileReference; fileEncoding = 4; lastKnownFileType = sourcecode.c.h; path = EmiUdpSocket.h; sourceTree = "<group>"; };
		05C96D2D17B06054001B1CDF /* EmiBinding.h */ = {isa = PBXFileReference; fileEncoding = 4; lastKnownFileType = sourcecode.c.h; path = EmiBinding.h; sourceTree = "<group>"; };
		05C96D2E17B06054001B1CDF /* EmiBinding.mm */ = {isa = PBXFileReference; fileEncoding = 4; lastKnownFileType = sourcecode.cpp.objcpp; path = EmiBinding.mm; sourceTree = "<group>"; };
		05C96D2F17B06054001B1CDF /* EmiConnDelegate.h */ = {isa = PBXFileReference; fileEncoding = 4; lastKnownFileType = sourcecode.c.h; path = EmiConnDelegate.h; sourceTree = "<group>"; };
		05C96D3017B06054001B1CDF /* EmiConnDelegate.mm */ = {isa = PBXFileReference; fileEncoding = 4; lastKnownFileType = sourcecode.cpp.objcpp; path = EmiConnDelegate.mm; sourceTree = "<group>"; };
		05C96D3117B06054001B1CDF /* EmiConnection.h */ = {isa = PBXFileReference; fileEncoding = 4; lastKnownFileType = sourcecode.c.h; path = EmiConnection.h; sourceTree = "<group>"; };
		05C96D3217B06054001B1CDF /* EmiConnection.mm */ = {isa = PBXFileReference; fileEncoding = 4; lastKnownFileType = sourcecode.cpp.objcpp; path = EmiConnection.mm; sourceTree = "<group>"; };
		05C96D3317B06054001B1CDF /* EmiConnectionInternal.h */ = {isa = PBXFileReference; fileEncoding = 4; lastKnownFileType = sourcecode.c.h; path = EmiConnectionInternal.h; sourceTree = "<group>"; };
		05C96D3417B06054001B1CDF /* EmiConnectionOpenedBlockWrapper.h */ = {isa = PBXFileReference; fileEncoding = 4; lastKnownFileType = sourcecode.c.h; path = EmiConnectionOpenedBlockWrapper.h; sourceTree = "<group>"; };
		05C96D3517B06054001B1CDF /* EmiConnectionOpenedBlockWrapper.m */ = {isa = PBXFileReference; fileEncoding = 4; lastKnownFileType = sourcecode.c.objc; path = EmiConnectionOpenedBlockWrapper.m; sourceTree = "<group>"; };
		05C96D3617B06054001B1CDF /* EmiDispatchQueueWrapper.h */ = {isa = PBXFileReference; fileEncoding = 4; lastKnownFileType = sourcecode.c.h; path = EmiDispatchQueueWrapper.h; sourceTree = "<group>"; };
		05C96D3717B06054001B1CDF /* EmiDispatchQueueWrapper.m */ = {isa = PBXFileReference; fileEncoding = 4; lastKnownFileType = sourcecode.c.objc; path = EmiDispatchQueueWrapper.m; sourceTree = "<group>"; };
		05C96D3817B06054001B1CDF /* EmiDispatchTimer.h */ = {isa = PBXFileReference; fileEncoding = 4; lastKnownFileType = sourcecode.c.h; path = EmiDispatchTimer.h; sourceTree = "<group>"; };
		05C96D3917B06054001B1CDF /* EmiDispatchTimer.mm */ = {isa = PBXFileReference; fileEncoding = 4; lastKnownFileType = sourcecode.cpp.objcpp; path = EmiDispatchTimer.mm; sourceTree = "<group>"; };
		05C96D3A17B06054001B1CDF /* EmiNet.h */ = {isa = PBXFileReference; fileEncoding = 4; lastKnownFileType = sourcecode.c.h; path = EmiNet.h; sourceTree = "<group>"; };
		05C96D3B17B06054001B1CDF /* EmiObjCBindingHelper.h */ = {isa = PBXFileReference; fileEncoding = 4; lastKnownFileType = sourcecode.c.h; path = EmiObjCBindingHelper.h; sourceTree = "<group>"; };
		05C96D3C17B06054001B1CDF /* EmiP2PSocketConfig.h */ = {isa = PBXFileReference; fileEncoding = 4; lastKnownFileType = sourcecode.c.h; path = EmiP2PSocketConfig.h; sourceTree = "<group>"; };
		05C96D3D17B06054001B1CDF /* EmiP2PSocketConfig.mm */ = {isa = PBXFileReference; fileEncoding = 4; lastKnownFileType = sourcecode.cpp.objcpp; path = EmiP2PSocketConfig.mm; sourceTree = "<group>"; };
		05C96D3E17B06054001B1CDF /* EmiP2PSocketConfigInternal.h */ = {isa = PBXFileReference; fileEncoding = 4; lastKnownFileType = sourcecode.c.h; path = EmiP2PSocketConfigInternal.h; sourceTree = "<group>"; };
		05C96D3F17B06054001B1CDF /* EmiSockDelegate.h */ = {isa = PBXFileReference; fileEncoding = 4; lastKnownFileType = sourcecode.c.h; path = EmiSockDelegate.h; sourceTree = "<group>"; };
		05C96D4017B06054001B1CDF /* EmiSockDelegate.mm */ = {isa = PBXFileReference; fileEncoding = 4; lastKnownFileType = sourcecode.cpp.objcpp; path = EmiSockDelegate.mm; sourceTree = "<group>"; };
		05C96D4117B06054001B1CDF /* EmiSocket.h */ = {isa = PBXFileReference; fileEncoding = 4; lastKnownFileType = sourcecode.c.h; path = EmiSocket.h; sourceTree = "<group>"; };
		05C96D4217B06054001B1CDF /* EmiSocket.mm */ = {isa = PBXFileReference; fileEncoding = 4; lastKnownFileType = sourcecode.cpp.objcpp; path = EmiSocket.mm; sourceTree = "<group>"; };
		05C96D4317B06054001B1CDF /* EmiSocketConfig.h */ = {isa = PBXFileReference; fileEncoding = 4; lastKnownFileType = sourcecode.c.h; path = EmiSocketConfig.h; sourceTree = "<group>"; };
		05C96D4417B06054001B1CDF /* EmiSocketConfig.mm */ = {isa = PBXFileReference; fileEncoding = 4; lastKnownFileType = sourcecode.cpp.objcpp; path = EmiSocketConfig.mm; sourceTree = "<group>"; };
		05C96D4517B06054001B1CDF /* EmiSocketConfigInternal.h */ = {isa = PBXFileReference; fileEncoding = 4; lastKnownFileType = sourcecode.c.h; path = EmiSocketConfigInternal.h; sourceTree = "<group>"; };
		05C96D4617B06054001B1CDF /* EmiSocketInternal.h */ = {isa = PBXFileReference; fileEncoding = 4; lastKnownFileType = sourcecode.c.h; path = EmiSocketInternal.h; sourceTree = "<group>"; };
		05C96D4717B06054001B1CDF /* EmiSocketUserDataWrapper.h */ = {isa = PBXFileReference; fileEncoding = 4; lastKnownFileType = sourcecode.c.h; path = EmiSocketUserDataWrapper.h; sourceTree = "<group>"; };
		05C96D4817B06054001B1CDF /* EmiSocketUserDataWrapper.mm */ = {isa = PBXFileReference; fileEncoding = 4; lastKnownFileType = sourcecode.cpp.objcpp; path = EmiSocketUserDataWrapper.mm; sourceTree = "<group>"; };
		05F779E615B84D320059B13A /* Cocoa.framework */ = {isa = PBXFileReference; lastKnownFileType = wrapper.framework; name = Cocoa.framework; path = System/Library/Frameworks/Cocoa.framework; sourceTree = SDKROOT; };
		05F77A0F15B84E180059B13A /* WorldEntity.m */ = {isa = PBXFileReference; fileEncoding = 4; lastKnownFileType = sourcecode.c.objc; path = WorldEntity.m; sourceTree = "<group>"; };
		05F77A2515BA06830059B13A /* WorldServerPlayer.m */ = {isa = PBXFileReference; fileEncoding = 4; lastKnownFileType = sourcecode.c.objc; path = WorldServerPlayer.m; sourceTree = "<group>"; };
/* End PBXFileReference section */

/* Begin PBXFrameworksBuildPhase section */
		055A815915CD45CF0033FA0C /* Frameworks */ = {
			isa = PBXFrameworksBuildPhase;
			buildActionMask = 2147483647;
			files = (
				055A815D15CD45CF0033FA0C /* Foundation.framework in Frameworks */,
			);
			runOnlyForDeploymentPostprocessing = 0;
		};
		055A816615CD45D00033FA0C /* Frameworks */ = {
			isa = PBXFrameworksBuildPhase;
			buildActionMask = 2147483647;
			files = (
				05AD0E541634B72400DF7452 /* CFNetwork.framework in Frameworks */,
				05AD0E501634B21900DF7452 /* libWorldKitCommon.a in Frameworks */,
				055A816C15CD45D00033FA0C /* SenTestingKit.framework in Frameworks */,
				055A816D15CD45D00033FA0C /* UIKit.framework in Frameworks */,
				055A816E15CD45D00033FA0C /* Foundation.framework in Frameworks */,
			);
			runOnlyForDeploymentPostprocessing = 0;
		};
		05AD0D8716341D9500DF7452 /* Frameworks */ = {
			isa = PBXFrameworksBuildPhase;
			buildActionMask = 2147483647;
			files = (
				05AD0D8816341D9500DF7452 /* Foundation.framework in Frameworks */,
			);
			runOnlyForDeploymentPostprocessing = 0;
		};
		05AD0DA416341D9E00DF7452 /* Frameworks */ = {
			isa = PBXFrameworksBuildPhase;
			buildActionMask = 2147483647;
			files = (
				05AD0DA516341D9E00DF7452 /* Foundation.framework in Frameworks */,
			);
			runOnlyForDeploymentPostprocessing = 0;
		};
/* End PBXFrameworksBuildPhase section */

/* Begin PBXGroup section */
		055A817215CD45D00033FA0C /* Common */ = {
			isa = PBXGroup;
			children = (
				055A817815CD45D00033FA0C /* WorldKitCommonTests.h */,
				055A817915CD45D00033FA0C /* WorldKitCommonTests.m */,
				05AD0E511634B60600DF7452 /* WorldEntityTest.h */,
				05AD0E521634B60600DF7452 /* WorldEntityTest.m */,
				055A817315CD45D00033FA0C /* Supporting Files */,
			);
			name = Common;
			path = CommonTests;
			sourceTree = "<group>";
		};
		055A817315CD45D00033FA0C /* Supporting Files */ = {
			isa = PBXGroup;
			children = (
				055A817415CD45D00033FA0C /* WorldKitCommonTests-Info.plist */,
				055A817515CD45D00033FA0C /* InfoPlist.strings */,
			);
			name = "Supporting Files";
			sourceTree = "<group>";
		};
		055A81A615CD4A920033FA0C /* Tests */ = {
			isa = PBXGroup;
			children = (
				055A817215CD45D00033FA0C /* Common */,
			);
			path = Tests;
			sourceTree = "<group>";
		};
		059BCC1115C0485D006DD9DC /* SPSuccinct */ = {
			isa = PBXGroup;
			children = (
				05BAE809161C8BAD00F370BA /* SPSuccinct.h */,
				059BCC1315C0485D006DD9DC /* SPDepends.h */,
				059BCC1415C0485D006DD9DC /* SPDepends.m */,
				059BCC1515C0485D006DD9DC /* SPFunctional.h */,
				059BCC1615C0485D006DD9DC /* SPFunctional.m */,
				059BCC1715C0485D006DD9DC /* SPKVONotificationCenter.h */,
				059BCC1815C0485D006DD9DC /* SPKVONotificationCenter.m */,
				059BCC1915C0485D006DD9DC /* SPLowVerbosity.h */,
				059BCC1A15C0485D006DD9DC /* SPLowVerbosity.m */,
				05BAE7F2161C89D700F370BA /* SPLifetimeGlue.h */,
				05BAE7F3161C89D700F370BA /* SPLifetimeGlue.m */,
			);
			name = SPSuccinct;
			path = Libraries/SPSuccinct/SPSuccinct;
			sourceTree = "<group>";
		};
		059BCC9115C959CD006DD9DC /* MAObjCRuntime */ = {
			isa = PBXGroup;
			children = (
				059BCC9315C959CE006DD9DC /* MARTNSObject.h */,
				059BCC9415C959CE006DD9DC /* MARTNSObject.m */,
				059BCC9515C959CE006DD9DC /* RTIvar.h */,
				059BCC9615C959CE006DD9DC /* RTIvar.m */,
				059BCC9715C959CE006DD9DC /* RTMethod.h */,
				059BCC9815C959CE006DD9DC /* RTMethod.m */,
				059BCC9915C959CE006DD9DC /* RTProperty.h */,
				059BCC9A15C959CE006DD9DC /* RTProperty.m */,
				059BCC9B15C959CE006DD9DC /* RTProtocol.h */,
				059BCC9C15C959CE006DD9DC /* RTProtocol.m */,
				059BCC9D15C959CE006DD9DC /* RTUnregisteredClass.h */,
				059BCC9E15C959CE006DD9DC /* RTUnregisteredClass.m */,
			);
			name = MAObjCRuntime;
			path = Libraries/MAObjCRuntime;
			sourceTree = "<group>";
		};
		05AD0E2D1634AD2500DF7452 /* Interface */ = {
			isa = PBXGroup;
			children = (
				05AD0E361634AD2500DF7452 /* Shared */,
				05AD0E2E1634AD2500DF7452 /* Client */,
				05AD0E321634AD2500DF7452 /* Server */,
				05AD0E311634AD2500DF7452 /* Network */,
				05AD0E3C1634AD2500DF7452 /* WorldKit.h */,
			);
			name = Interface;
			path = Interface/WorldKit;
			sourceTree = "<group>";
		};
		05AD0E2E1634AD2500DF7452 /* Client */ = {
			isa = PBXGroup;
			children = (
				05AD0E3E1634ADEE00DF7452 /* Client.h */,
				05AD0E2F1634AD2500DF7452 /* WorldGameClient.h */,
				05AD0E301634AD2500DF7452 /* WorldMasterClient.h */,
			);
			path = Client;
			sourceTree = "<group>";
		};
		05AD0E311634AD2500DF7452 /* Network */ = {
			isa = PBXGroup;
			children = (
			);
			path = Network;
			sourceTree = "<group>";
		};
		05AD0E321634AD2500DF7452 /* Server */ = {
			isa = PBXGroup;
			children = (
				05AD0E3F1634AE0700DF7452 /* Server.h */,
				05AD0E341634AD2500DF7452 /* WorldMasterServer.h */,
				05AD0E331634AD2500DF7452 /* WorldGameServer.h */,
				05AD0E351634AD2500DF7452 /* WorldServerPlayer.h */,
			);
			path = Server;
			sourceTree = "<group>";
		};
		05AD0E361634AD2500DF7452 /* Shared */ = {
			isa = PBXGroup;
			children = (
				05AD0E3D1634ADCD00DF7452 /* Shared.h */,
				05AD0E371634AD2500DF7452 /* WorldContainer.h */,
				05AD0E381634AD2500DF7452 /* WorldEntity+debug.h */,
				05AD0E391634AD2500DF7452 /* WorldEntity.h */,
				05AD0E3A1634AD2500DF7452 /* WorldGame.h */,
				05AD0E3B1634AD2500DF7452 /* WorldGamePlayer.h */,
			);
			path = Shared;
			sourceTree = "<group>";
		};
		05C96CE417B06054001B1CDF /* eminet */ = {
			isa = PBXGroup;
			children = (
				05C96CE617B06054001B1CDF /* core */,
				05C96D2C17B06054001B1CDF /* objc */,
			);
			name = eminet;
			path = Libraries/eminet;
			sourceTree = "<group>";
		};
		05C96CE617B06054001B1CDF /* core */ = {
			isa = PBXGroup;
			children = (
				05C96CE717B06054001B1CDF /* EmiAddressCmp.h */,
				05C96CE817B06054001B1CDF /* EmiCongestionControl.h */,
				05C96CE917B06054001B1CDF /* EmiConn.h */,
				05C96CEA17B06054001B1CDF /* EmiConnParams.h */,
				05C96CEB17B06054001B1CDF /* EmiConnTime.cc */,
				05C96CEC17B06054001B1CDF /* EmiConnTime.h */,
				05C96CED17B06054001B1CDF /* EmiConnTimers.h */,
				05C96CEE17B06054001B1CDF /* EmiDataArrivalRate.cc */,
				05C96CEF17B06054001B1CDF /* EmiDataArrivalRate.h */,
				05C96CF017B06054001B1CDF /* EmiLinkCapacity.cc */,
				05C96CF117B06054001B1CDF /* EmiLinkCapacity.h */,
				05C96CF217B06054001B1CDF /* EmiLogicalConnection.h */,
				05C96CF317B06054001B1CDF /* EmiLossList.cc */,
				05C96CF417B06054001B1CDF /* EmiLossList.h */,
				05C96CF517B06054001B1CDF /* EmiMedianFilter.h */,
				05C96CF617B06054001B1CDF /* EmiMessage.h */,
				05C96CF717B06054001B1CDF /* EmiMessageHandler.h */,
				05C96CF817B06054001B1CDF /* EmiMessageHeader.cc */,
				05C96CF917B06054001B1CDF /* EmiMessageHeader.h */,
				05C96CFA17B06054001B1CDF /* EmiNatPunchthrough.h */,
				05C96CFB17B06054001B1CDF /* EmiNetRandom.h */,
				05C96CFC17B06054001B1CDF /* EmiNetUtil.cc */,
				05C96CFD17B06054001B1CDF /* EmiNetUtil.h */,
				05C96CFE17B06054001B1CDF /* EmiP2PConn.h */,
				05C96CFF17B06054001B1CDF /* EmiP2PData.h */,
				05C96D0017B06054001B1CDF /* EmiP2PEndpoints.h */,
				05C96D0117B06054001B1CDF /* EmiP2PSock.h */,
				05C96D0217B06054001B1CDF /* EmiP2PSockConfig.h */,
				05C96D0317B06054001B1CDF /* EmiPacketHeader.cc */,
				05C96D0417B06054001B1CDF /* EmiPacketHeader.h */,
				05C96D0517B06054001B1CDF /* EmiRC4.cc */,
				05C96D0617B06054001B1CDF /* EmiRC4.h */,
				05C96D0717B06054001B1CDF /* EmiReceiverBuffer.h */,
				05C96D0817B06054001B1CDF /* EmiRtoTimer.h */,
				05C96D0917B06054001B1CDF /* EmiSenderBuffer.h */,
				05C96D0A17B06054001B1CDF /* EmiSendQueue.h */,
				05C96D0B17B06054001B1CDF /* EmiSock.h */,
				05C96D0C17B06054001B1CDF /* EmiSockConfig.h */,
				05C96D0D17B06054001B1CDF /* EmiTypes.h */,
				05C96D0E17B06054001B1CDF /* EmiUdpSocket.h */,
			);
			path = core;
			sourceTree = "<group>";
		};
		05C96D2C17B06054001B1CDF /* objc */ = {
			isa = PBXGroup;
			children = (
				05C96D2D17B06054001B1CDF /* EmiBinding.h */,
				05C96D2E17B06054001B1CDF /* EmiBinding.mm */,
				05C96D2F17B06054001B1CDF /* EmiConnDelegate.h */,
				05C96D3017B06054001B1CDF /* EmiConnDelegate.mm */,
				05C96D3117B06054001B1CDF /* EmiConnection.h */,
				05C96D3217B06054001B1CDF /* EmiConnection.mm */,
				05C96D3317B06054001B1CDF /* EmiConnectionInternal.h */,
				05C96D3417B06054001B1CDF /* EmiConnectionOpenedBlockWrapper.h */,
				05C96D3517B06054001B1CDF /* EmiConnectionOpenedBlockWrapper.m */,
				05C96D3617B06054001B1CDF /* EmiDispatchQueueWrapper.h */,
				05C96D3717B06054001B1CDF /* EmiDispatchQueueWrapper.m */,
				05C96D3817B06054001B1CDF /* EmiDispatchTimer.h */,
				05C96D3917B06054001B1CDF /* EmiDispatchTimer.mm */,
				05C96D3A17B06054001B1CDF /* EmiNet.h */,
				05C96D3B17B06054001B1CDF /* EmiObjCBindingHelper.h */,
				05C96D3C17B06054001B1CDF /* EmiP2PSocketConfig.h */,
				05C96D3D17B06054001B1CDF /* EmiP2PSocketConfig.mm */,
				05C96D3E17B06054001B1CDF /* EmiP2PSocketConfigInternal.h */,
				05C96D3F17B06054001B1CDF /* EmiSockDelegate.h */,
				05C96D4017B06054001B1CDF /* EmiSockDelegate.mm */,
				05C96D4117B06054001B1CDF /* EmiSocket.h */,
				05C96D4217B06054001B1CDF /* EmiSocket.mm */,
				05C96D4317B06054001B1CDF /* EmiSocketConfig.h */,
				05C96D4417B06054001B1CDF /* EmiSocketConfig.mm */,
				05C96D4517B06054001B1CDF /* EmiSocketConfigInternal.h */,
				05C96D4617B06054001B1CDF /* EmiSocketInternal.h */,
				05C96D4717B06054001B1CDF /* EmiSocketUserDataWrapper.h */,
				05C96D4817B06054001B1CDF /* EmiSocketUserDataWrapper.mm */,
			);
			path = objc;
			sourceTree = "<group>";
		};
		05F779D715B84D320059B13A = {
			isa = PBXGroup;
			children = (
				05AD0E2D1634AD2500DF7452 /* Interface */,
				05F77A0915B84DCF0059B13A /* Implementation */,
				055A81A615CD4A920033FA0C /* Tests */,
				05F779E515B84D320059B13A /* Frameworks */,
				05F779E315B84D320059B13A /* Products */,
			);
			sourceTree = "<group>";
		};
		05F779E315B84D320059B13A /* Products */ = {
			isa = PBXGroup;
			children = (
				055A815C15CD45CF0033FA0C /* libWorldKitCommon.a */,
				055A816A15CD45D00033FA0C /* WorldKitCommonTests.octest */,
				05AD0D8D16341D9500DF7452 /* libWorldKitServer.a */,
				05AD0DAA16341D9E00DF7452 /* libWorldKitClient.a */,
			);
			name = Products;
			sourceTree = "<group>";
		};
		05F779E515B84D320059B13A /* Frameworks */ = {
			isa = PBXGroup;
			children = (
				059BCC9115C959CD006DD9DC /* MAObjCRuntime */,
				059BCC1115C0485D006DD9DC /* SPSuccinct */,
				05C96CE417B06054001B1CDF /* eminet */,
				05F779E615B84D320059B13A /* Cocoa.framework */,
				058DE9AE15CD42DE002F07A3 /* UIKit.framework */,
				058DE9B015CD42DE002F07A3 /* Foundation.framework */,
				058DE9B215CD42DE002F07A3 /* CoreGraphics.framework */,
				05BAE80A161C8D4200F370BA /* GameKit.framework */,
				055A816B15CD45D00033FA0C /* SenTestingKit.framework */,
				055A81A415CD49950033FA0C /* CFNetwork.framework */,
			);
			name = Frameworks;
			sourceTree = "<group>";
		};
		05F77A0915B84DCF0059B13A /* Implementation */ = {
			isa = PBXGroup;
			children = (
				05F77A0C15B84DCF0059B13A /* Shared */,
				05F77A0A15B84DCF0059B13A /* Client */,
				05F77A0B15B84DCF0059B13A /* Server */,
				05F77A2715BA07F10059B13A /* Network */,
			);
			name = Implementation;
			path = Implementation/WorldKit;
			sourceTree = "<group>";
		};
		05F77A0A15B84DCF0059B13A /* Client */ = {
			isa = PBXGroup;
			children = (
				05AD0E401634AEA600DF7452 /* _WorldGameClient.h */,
				059BCBC715BADD01006DD9DC /* WorldGameClient.m */,
				05BB831E161C7FE400EA4DE3 /* WorldMasterClient.m */,
			);
			path = Client;
			sourceTree = "<group>";
		};
		05F77A0B15B84DCF0059B13A /* Server */ = {
			isa = PBXGroup;
			children = (
				059BCC2E15C0838D006DD9DC /* WorldServerTypes.h */,
				059BCC2F15C0838D006DD9DC /* WorldServerTypes.m */,
				05F77A2515BA06830059B13A /* WorldServerPlayer.m */,
				05AD0E411634AF5900DF7452 /* _WorldGameServer.h */,
				059BCBCB15BADD0A006DD9DC /* WorldGameServer.m */,
				05AD0E421634AFC900DF7452 /* _WorldMasterServer.h */,
				059BCC0F15C04771006DD9DC /* WorldMasterServer.m */,
			);
			path = Server;
			sourceTree = "<group>";
		};
		05F77A0C15B84DCF0059B13A /* Shared */ = {
			isa = PBXGroup;
			children = (
				051BCBE3179CA6B80065B55D /* _WorldEntity.h */,
				05F77A0F15B84E180059B13A /* WorldEntity.m */,
				059BCC2415C04F46006DD9DC /* WorldGame.m */,
				059BCC2B15C053F0006DD9DC /* WorldGamePlayer.m */,
				05AD0E431634B08300DF7452 /* _WorldContainer.h */,
				059BCC4415C08589006DD9DC /* WorldContainer.m */,
				05AD0E25163429A100DF7452 /* WorldEntity+debug.m */,
				058D88C61638318A00B97810 /* WorldContainerDebugDumper.h */,
				058D88C71638318A00B97810 /* WorldContainerDebugDumper.m */,
			);
			path = Shared;
			sourceTree = "<group>";
		};
		05F77A2715BA07F10059B13A /* Network */ = {
			isa = PBXGroup;
			children = (
				059BCBD915BADEC8006DD9DC /* AsyncSocket.h */,
				059BCBDA15BADEC8006DD9DC /* AsyncSocket.m */,
				05C7482817B060AA002451D4 /* GCDAsyncUdpSocket.h */,
				05C7482917B060AA002451D4 /* GCDAsyncUdpSocket.m */,
				059BCBD515BADE22006DD9DC /* TCAsyncHashProtocol.h */,
				059BCBD615BADE22006DD9DC /* TCAsyncHashProtocol.m */,
				05C96CDB17B05C3E001B1CDF /* TCAHPAsyncSocketTransport.h */,
				05C96CDC17B05C3E001B1CDF /* TCAHPAsyncSocketTransport.m */,
				05C96CDD17B05C3E001B1CDF /* TCAHPTransport.h */,
				05C96CDE17B05C3E001B1CDF /* TCAHPTransport.m */,
			);
			path = Network;
			sourceTree = "<group>";
		};
/* End PBXGroup section */

/* Begin PBXNativeTarget section */
		055A815B15CD45CF0033FA0C /* WorldKitCommon */ = {
			isa = PBXNativeTarget;
			buildConfigurationList = 055A817B15CD45D00033FA0C /* Build configuration list for PBXNativeTarget "WorldKitCommon" */;
			buildPhases = (
				055A815815CD45CF0033FA0C /* Sources */,
				055A815915CD45CF0033FA0C /* Frameworks */,
				055A815A15CD45CF0033FA0C /* CopyFiles */,
			);
			buildRules = (
			);
			dependencies = (
			);
			name = WorldKitCommon;
			productName = WorldKitCommon;
			productReference = 055A815C15CD45CF0033FA0C /* libWorldKitCommon.a */;
			productType = "com.apple.product-type.library.static";
		};
		055A816915CD45D00033FA0C /* WorldKitCommonTests */ = {
			isa = PBXNativeTarget;
			buildConfigurationList = 055A817E15CD45D00033FA0C /* Build configuration list for PBXNativeTarget "WorldKitCommonTests" */;
			buildPhases = (
				055A816515CD45D00033FA0C /* Sources */,
				055A816615CD45D00033FA0C /* Frameworks */,
				055A816715CD45D00033FA0C /* Resources */,
				055A816815CD45D00033FA0C /* ShellScript */,
			);
			buildRules = (
			);
			dependencies = (
				055A817015CD45D00033FA0C /* PBXTargetDependency */,
			);
			name = WorldKitCommonTests;
			productName = WorldKitCommonTests;
			productReference = 055A816A15CD45D00033FA0C /* WorldKitCommonTests.octest */;
			productType = "com.apple.product-type.bundle";
		};
		05AD0D7216341D9500DF7452 /* WorldKitServer */ = {
			isa = PBXNativeTarget;
			buildConfigurationList = 05AD0D8A16341D9500DF7452 /* Build configuration list for PBXNativeTarget "WorldKitServer" */;
			buildPhases = (
				05AD0D7316341D9500DF7452 /* Sources */,
				05AD0D8716341D9500DF7452 /* Frameworks */,
				05AD0D8916341D9500DF7452 /* CopyFiles */,
			);
			buildRules = (
			);
			dependencies = (
			);
			name = WorldKitServer;
			productName = WorldKitCommon;
			productReference = 05AD0D8D16341D9500DF7452 /* libWorldKitServer.a */;
			productType = "com.apple.product-type.library.static";
		};
		05AD0D8F16341D9E00DF7452 /* WorldKitClient */ = {
			isa = PBXNativeTarget;
			buildConfigurationList = 05AD0DA716341D9E00DF7452 /* Build configuration list for PBXNativeTarget "WorldKitClient" */;
			buildPhases = (
				05AD0D9016341D9E00DF7452 /* Sources */,
				05AD0DA416341D9E00DF7452 /* Frameworks */,
				05AD0DA616341D9E00DF7452 /* CopyFiles */,
			);
			buildRules = (
			);
			dependencies = (
			);
			name = WorldKitClient;
			productName = WorldKitCommon;
			productReference = 05AD0DAA16341D9E00DF7452 /* libWorldKitClient.a */;
			productType = "com.apple.product-type.library.static";
		};
/* End PBXNativeTarget section */

/* Begin PBXProject section */
		05F779D915B84D320059B13A /* Project object */ = {
			isa = PBXProject;
			attributes = {
				CLASSPREFIX = World;
				LastUpgradeCheck = 0450;
				ORGANIZATIONNAME = ThirdCog;
			};
			buildConfigurationList = 05F779DC15B84D320059B13A /* Build configuration list for PBXProject "WorldKit" */;
			compatibilityVersion = "Xcode 3.2";
			developmentRegion = English;
			hasScannedForEncodings = 0;
			knownRegions = (
				en,
			);
			mainGroup = 05F779D715B84D320059B13A;
			productRefGroup = 05F779E315B84D320059B13A /* Products */;
			projectDirPath = "";
			projectRoot = "";
			targets = (
				055A815B15CD45CF0033FA0C /* WorldKitCommon */,
				055A816915CD45D00033FA0C /* WorldKitCommonTests */,
				05AD0D7216341D9500DF7452 /* WorldKitServer */,
				05AD0D8F16341D9E00DF7452 /* WorldKitClient */,
			);
		};
/* End PBXProject section */

/* Begin PBXResourcesBuildPhase section */
		055A816715CD45D00033FA0C /* Resources */ = {
			isa = PBXResourcesBuildPhase;
			buildActionMask = 2147483647;
			files = (
				055A817715CD45D00033FA0C /* InfoPlist.strings in Resources */,
			);
			runOnlyForDeploymentPostprocessing = 0;
		};
/* End PBXResourcesBuildPhase section */

/* Begin PBXShellScriptBuildPhase section */
		055A816815CD45D00033FA0C /* ShellScript */ = {
			isa = PBXShellScriptBuildPhase;
			buildActionMask = 2147483647;
			files = (
			);
			inputPaths = (
			);
			outputPaths = (
			);
			runOnlyForDeploymentPostprocessing = 0;
			shellPath = /bin/sh;
			shellScript = "# Run the unit tests in this test bundle.\n\"${SYSTEM_DEVELOPER_DIR}/Tools/RunUnitTests\"\n";
		};
/* End PBXShellScriptBuildPhase section */

/* Begin PBXSourcesBuildPhase section */
		055A815815CD45CF0033FA0C /* Sources */ = {
			isa = PBXSourcesBuildPhase;
			buildActionMask = 2147483647;
			files = (
				055A819715CD48C60033FA0C /* MARTNSObject.m in Sources */,
				05C96D4F17B06054001B1CDF /* EmiLossList.cc in Sources */,
				05C96D6617B06054001B1CDF /* EmiConnection.mm in Sources */,
				055A819815CD48C60033FA0C /* RTIvar.m in Sources */,
				055A819915CD48C60033FA0C /* RTMethod.m in Sources */,
				055A819A15CD48C60033FA0C /* RTProperty.m in Sources */,
				055A819B15CD48C60033FA0C /* RTProtocol.m in Sources */,
				05C96D6417B06054001B1CDF /* EmiBinding.mm in Sources */,
				05C96D6D17B06054001B1CDF /* EmiSocketConfig.mm in Sources */,
				055A819C15CD48C60033FA0C /* RTUnregisteredClass.m in Sources */,
				05C96D6C17B06054001B1CDF /* EmiSocket.mm in Sources */,
				05C96CDF17B05C3E001B1CDF /* TCAHPAsyncSocketTransport.m in Sources */,
				055A819D15CD48F70033FA0C /* SPDepends.m in Sources */,
				05C96D4C17B06054001B1CDF /* EmiConnTime.cc in Sources */,
				05C96D6B17B06054001B1CDF /* EmiSockDelegate.mm in Sources */,
				055A819E15CD48F70033FA0C /* SPFunctional.m in Sources */,
				055A819F15CD48F70033FA0C /* SPKVONotificationCenter.m in Sources */,
				055A81A015CD48F70033FA0C /* SPLowVerbosity.m in Sources */,
				055A818215CD46560033FA0C /* AsyncSocket.m in Sources */,
				05C96D6817B06054001B1CDF /* EmiDispatchQueueWrapper.m in Sources */,
				05C96D6517B06054001B1CDF /* EmiConnDelegate.mm in Sources */,
				05C96D4E17B06054001B1CDF /* EmiLinkCapacity.cc in Sources */,
				055A818815CD46560033FA0C /* TCAsyncHashProtocol.m in Sources */,
				05C96D5117B06054001B1CDF /* EmiNetUtil.cc in Sources */,
				05C96CE017B05C3E001B1CDF /* TCAHPTransport.m in Sources */,
				05C96D5317B06054001B1CDF /* EmiRC4.cc in Sources */,
				05C96D6717B06054001B1CDF /* EmiConnectionOpenedBlockWrapper.m in Sources */,
				055A818A15CD46620033FA0C /* WorldEntity.m in Sources */,
				05C96D5017B06054001B1CDF /* EmiMessageHeader.cc in Sources */,
				055A818C15CD46620033FA0C /* WorldGame.m in Sources */,
				055A818E15CD46620033FA0C /* WorldGamePlayer.m in Sources */,
				055A819015CD46620033FA0C /* WorldContainer.m in Sources */,
				05C96D4D17B06054001B1CDF /* EmiDataArrivalRate.cc in Sources */,
				05BAE7F4161C89D700F370BA /* SPLifetimeGlue.m in Sources */,
				05C96D6A17B06054001B1CDF /* EmiP2PSocketConfig.mm in Sources */,
				05C7482A17B060AA002451D4 /* GCDAsyncUdpSocket.m in Sources */,
				05C96D6E17B06054001B1CDF /* EmiSocketUserDataWrapper.mm in Sources */,
				05AD0E26163429A100DF7452 /* WorldEntity+debug.m in Sources */,
				05C96D5217B06054001B1CDF /* EmiPacketHeader.cc in Sources */,
				05C96D6917B06054001B1CDF /* EmiDispatchTimer.mm in Sources */,
				058D88C81638318B00B97810 /* WorldContainerDebugDumper.m in Sources */,
			);
			runOnlyForDeploymentPostprocessing = 0;
		};
		055A816515CD45D00033FA0C /* Sources */ = {
			isa = PBXSourcesBuildPhase;
			buildActionMask = 2147483647;
			files = (
				055A817A15CD45D00033FA0C /* WorldKitCommonTests.m in Sources */,
				05AD0E531634B60600DF7452 /* WorldEntityTest.m in Sources */,
			);
			runOnlyForDeploymentPostprocessing = 0;
		};
		05AD0D7316341D9500DF7452 /* Sources */ = {
			isa = PBXSourcesBuildPhase;
			buildActionMask = 2147483647;
			files = (
				05AD0DAB16341DC400DF7452 /* WorldServerTypes.m in Sources */,
				05AD0DAC16341DC600DF7452 /* WorldServerPlayer.m in Sources */,
				05AD0DAD16341DC700DF7452 /* WorldGameServer.m in Sources */,
				05AD0DAE16341DCA00DF7452 /* WorldMasterServer.m in Sources */,
			);
			runOnlyForDeploymentPostprocessing = 0;
		};
		05AD0D9016341D9E00DF7452 /* Sources */ = {
			isa = PBXSourcesBuildPhase;
			buildActionMask = 2147483647;
			files = (
				05AD0DAF16341DD300DF7452 /* WorldGameClient.m in Sources */,
				05AD0DB016341DD400DF7452 /* WorldMasterClient.m in Sources */,
			);
			runOnlyForDeploymentPostprocessing = 0;
		};
/* End PBXSourcesBuildPhase section */

/* Begin PBXTargetDependency section */
		055A817015CD45D00033FA0C /* PBXTargetDependency */ = {
			isa = PBXTargetDependency;
			target = 055A815B15CD45CF0033FA0C /* WorldKitCommon */;
			targetProxy = 055A816F15CD45D00033FA0C /* PBXContainerItemProxy */;
		};
/* End PBXTargetDependency section */

/* Begin PBXVariantGroup section */
		055A817515CD45D00033FA0C /* InfoPlist.strings */ = {
			isa = PBXVariantGroup;
			children = (
				055A817615CD45D00033FA0C /* en */,
			);
			name = InfoPlist.strings;
			sourceTree = "<group>";
		};
/* End PBXVariantGroup section */

/* Begin XCBuildConfiguration section */
		055A817C15CD45D00033FA0C /* Debug */ = {
			isa = XCBuildConfiguration;
			buildSettings = {
				ARCHS = (
					"$(ARCHS_STANDARD_64_BIT)",
					armv7,
					armv7s,
				);
				CLANG_CXX_LIBRARY = "libc++";
				DSTROOT = /tmp/WorldKitCommon.dst;
				FRAMEWORK_SEARCH_PATHS = (
					"$(inherited)",
					"\"$(SYSTEM_APPS_DIR)/Xcode45-DP2.app/Contents/Developer/Library/Frameworks\"",
				);
				GCC_PRECOMPILE_PREFIX_HEADER = YES;
				GCC_PREFIX_HEADER = "Implementation/WorldKit/WorldKit-Prefix.pch";
				IPHONEOS_DEPLOYMENT_TARGET = 6.0;
				OTHER_LDFLAGS = "-ObjC";
				PRODUCT_NAME = "$(TARGET_NAME)";
				SDKROOT = iphoneos6.0;
				SKIP_INSTALL = YES;
				SUPPORTED_PLATFORMS = "iphonesimulator iphoneos macosx";
			};
			name = Debug;
		};
		055A817D15CD45D00033FA0C /* Release */ = {
			isa = XCBuildConfiguration;
			buildSettings = {
				ARCHS = (
					"$(ARCHS_STANDARD_64_BIT)",
					armv7,
					armv7s,
				);
				CLANG_CXX_LIBRARY = "libc++";
				DSTROOT = /tmp/WorldKitCommon.dst;
				FRAMEWORK_SEARCH_PATHS = (
					"$(inherited)",
					"\"$(SYSTEM_APPS_DIR)/Xcode45-DP2.app/Contents/Developer/Library/Frameworks\"",
				);
				GCC_PRECOMPILE_PREFIX_HEADER = YES;
				GCC_PREFIX_HEADER = "Implementation/WorldKit/WorldKit-Prefix.pch";
				IPHONEOS_DEPLOYMENT_TARGET = 6.0;
				OTHER_LDFLAGS = "-ObjC";
				PRODUCT_NAME = "$(TARGET_NAME)";
				SDKROOT = iphoneos6.0;
				SKIP_INSTALL = YES;
				SUPPORTED_PLATFORMS = "iphonesimulator iphoneos macosx";
				VALIDATE_PRODUCT = YES;
			};
			name = Release;
		};
		055A817F15CD45D00033FA0C /* Debug */ = {
			isa = XCBuildConfiguration;
			buildSettings = {
				FRAMEWORK_SEARCH_PATHS = (
					"\"$(SDKROOT)/Developer/Library/Frameworks\"",
					"\"$(DEVELOPER_LIBRARY_DIR)/Frameworks\"",
				);
				GCC_PRECOMPILE_PREFIX_HEADER = YES;
				GCC_PREFIX_HEADER = "Implementation/WorldKit/WorldKit-Prefix.pch";
				INFOPLIST_FILE = "Tests/CommonTests/WorldKitCommonTests-Info.plist";
				IPHONEOS_DEPLOYMENT_TARGET = 6.0;
				OTHER_LDFLAGS = "-ObjC";
				PRODUCT_NAME = "$(TARGET_NAME)";
				SDKROOT = iphoneos;
				WRAPPER_EXTENSION = octest;
			};
			name = Debug;
		};
		055A818015CD45D00033FA0C /* Release */ = {
			isa = XCBuildConfiguration;
			buildSettings = {
				FRAMEWORK_SEARCH_PATHS = (
					"\"$(SDKROOT)/Developer/Library/Frameworks\"",
					"\"$(DEVELOPER_LIBRARY_DIR)/Frameworks\"",
				);
				GCC_PRECOMPILE_PREFIX_HEADER = YES;
				GCC_PREFIX_HEADER = "Implementation/WorldKit/WorldKit-Prefix.pch";
				INFOPLIST_FILE = "Tests/CommonTests/WorldKitCommonTests-Info.plist";
				IPHONEOS_DEPLOYMENT_TARGET = 6.0;
				OTHER_LDFLAGS = "-ObjC";
				PRODUCT_NAME = "$(TARGET_NAME)";
				SDKROOT = iphoneos;
				VALIDATE_PRODUCT = YES;
				WRAPPER_EXTENSION = octest;
			};
			name = Release;
		};
		05AD0D8B16341D9500DF7452 /* Debug */ = {
			isa = XCBuildConfiguration;
			buildSettings = {
				ARCHS = (
					"$(ARCHS_STANDARD_64_BIT)",
					armv7,
					armv7s,
				);
				DSTROOT = /tmp/WorldKitServer.dst;
				FRAMEWORK_SEARCH_PATHS = (
					"$(inherited)",
					"\"$(SYSTEM_APPS_DIR)/Xcode45-DP2.app/Contents/Developer/Library/Frameworks\"",
				);
				GCC_PRECOMPILE_PREFIX_HEADER = YES;
				GCC_PREFIX_HEADER = "Implementation/WorldKit/WorldKit-Prefix.pch";
				IPHONEOS_DEPLOYMENT_TARGET = 6.0;
				OTHER_LDFLAGS = "-ObjC";
				PRODUCT_NAME = WorldKitServer;
				SDKROOT = iphoneos6.0;
				SKIP_INSTALL = YES;
				SUPPORTED_PLATFORMS = "iphonesimulator iphoneos macosx";
			};
			name = Debug;
		};
		05AD0D8C16341D9500DF7452 /* Release */ = {
			isa = XCBuildConfiguration;
			buildSettings = {
				ARCHS = (
					"$(ARCHS_STANDARD_64_BIT)",
					armv7,
					armv7s,
				);
				DSTROOT = /tmp/WorldKitServer.dst;
				FRAMEWORK_SEARCH_PATHS = (
					"$(inherited)",
					"\"$(SYSTEM_APPS_DIR)/Xcode45-DP2.app/Contents/Developer/Library/Frameworks\"",
				);
				GCC_PRECOMPILE_PREFIX_HEADER = YES;
				GCC_PREFIX_HEADER = "Implementation/WorldKit/WorldKit-Prefix.pch";
				IPHONEOS_DEPLOYMENT_TARGET = 6.0;
				OTHER_LDFLAGS = "-ObjC";
				PRODUCT_NAME = WorldKitServer;
				SDKROOT = iphoneos6.0;
				SKIP_INSTALL = YES;
				SUPPORTED_PLATFORMS = "iphonesimulator iphoneos macosx";
				VALIDATE_PRODUCT = YES;
			};
			name = Release;
		};
		05AD0DA816341D9E00DF7452 /* Debug */ = {
			isa = XCBuildConfiguration;
			buildSettings = {
				ARCHS = "$(ARCHS_STANDARD)";
				DSTROOT = /tmp/WorldKitClient.dst;
				FRAMEWORK_SEARCH_PATHS = (
					"$(inherited)",
					"\"$(SYSTEM_APPS_DIR)/Xcode45-DP2.app/Contents/Developer/Library/Frameworks\"",
				);
				GCC_PRECOMPILE_PREFIX_HEADER = YES;
				GCC_PREFIX_HEADER = "Implementation/WorldKit/WorldKit-Prefix.pch";
				IPHONEOS_DEPLOYMENT_TARGET = 6.0;
				OTHER_LDFLAGS = "-ObjC";
				PRODUCT_NAME = WorldKitClient;
				SDKROOT = iphoneos6.0;
				SKIP_INSTALL = YES;
				SUPPORTED_PLATFORMS = "iphonesimulator iphoneos macosx";
			};
			name = Debug;
		};
		05AD0DA916341D9E00DF7452 /* Release */ = {
			isa = XCBuildConfiguration;
			buildSettings = {
				ARCHS = "$(ARCHS_STANDARD)";
				DSTROOT = /tmp/WorldKitClient.dst;
				FRAMEWORK_SEARCH_PATHS = (
					"$(inherited)",
					"\"$(SYSTEM_APPS_DIR)/Xcode45-DP2.app/Contents/Developer/Library/Frameworks\"",
				);
				GCC_PRECOMPILE_PREFIX_HEADER = YES;
				GCC_PREFIX_HEADER = "Implementation/WorldKit/WorldKit-Prefix.pch";
				IPHONEOS_DEPLOYMENT_TARGET = 6.0;
				OTHER_LDFLAGS = "-ObjC";
				PRODUCT_NAME = WorldKitClient;
				SDKROOT = iphoneos6.0;
				SKIP_INSTALL = YES;
				SUPPORTED_PLATFORMS = "iphonesimulator iphoneos macosx";
				VALIDATE_PRODUCT = YES;
			};
			name = Release;
		};
		05F779FE15B84D320059B13A /* Debug */ = {
			isa = XCBuildConfiguration;
			buildSettings = {
				ALWAYS_SEARCH_USER_PATHS = NO;
				ARCHS = "$(ARCHS_STANDARD_64_BIT)";
				CLANG_CXX_LANGUAGE_STANDARD = "gnu++0x";
				CLANG_ENABLE_OBJC_ARC = YES;
				CLANG_WARN__DUPLICATE_METHOD_MATCH = YES;
				COPY_PHASE_STRIP = NO;
				GCC_C_LANGUAGE_STANDARD = gnu99;
				GCC_DYNAMIC_NO_PIC = NO;
				GCC_ENABLE_OBJC_EXCEPTIONS = YES;
				GCC_OPTIMIZATION_LEVEL = 0;
				GCC_PREPROCESSOR_DEFINITIONS = (
					"OS_OBJECT_USE_OBJC=0",
					"DEBUG=1",
					"$(inherited)",
				);
				GCC_SYMBOLS_PRIVATE_EXTERN = NO;
				GCC_WARN_64_TO_32_BIT_CONVERSION = YES;
				GCC_WARN_ABOUT_RETURN_TYPE = YES;
				GCC_WARN_UNINITIALIZED_AUTOS = YES;
				GCC_WARN_UNUSED_VARIABLE = YES;
				HEADER_SEARCH_PATHS = (
					"\"${SRCROOT}\"/Interface",
					"\"${SRCROOT}\"/Implementation",
					"\"${SRCROOT}\"/Libraries/SPSuccinct",
					"\"${SRCROOT}/Libraries\"",
				);
				IPHONEOS_DEPLOYMENT_TARGET = 5.0;
				MACOSX_DEPLOYMENT_TARGET = 10.8;
				ONLY_ACTIVE_ARCH = YES;
				SDKROOT = macosx;
			};
			name = Debug;
		};
		05F779FF15B84D320059B13A /* Release */ = {
			isa = XCBuildConfiguration;
			buildSettings = {
				ALWAYS_SEARCH_USER_PATHS = NO;
				ARCHS = "$(ARCHS_STANDARD_64_BIT)";
				CLANG_CXX_LANGUAGE_STANDARD = "gnu++0x";
				CLANG_ENABLE_OBJC_ARC = YES;
				CLANG_WARN__DUPLICATE_METHOD_MATCH = YES;
				COPY_PHASE_STRIP = YES;
				DEBUG_INFORMATION_FORMAT = "dwarf-with-dsym";
				GCC_C_LANGUAGE_STANDARD = gnu99;
				GCC_ENABLE_OBJC_EXCEPTIONS = YES;
				GCC_PREPROCESSOR_DEFINITIONS = (
					"OS_OBJECT_USE_OBJC=0",
					"$(inherited)",
				);
				GCC_WARN_64_TO_32_BIT_CONVERSION = YES;
				GCC_WARN_ABOUT_RETURN_TYPE = YES;
				GCC_WARN_UNINITIALIZED_AUTOS = YES;
				GCC_WARN_UNUSED_VARIABLE = YES;
				HEADER_SEARCH_PATHS = (
					"\"${SRCROOT}\"/Interface",
					"\"${SRCROOT}\"/Implementation",
					"\"${SRCROOT}\"/Libraries/SPSuccinct",
					"\"${SRCROOT}/Libraries\"",
				);
				IPHONEOS_DEPLOYMENT_TARGET = 5.0;
				MACOSX_DEPLOYMENT_TARGET = 10.8;
				SDKROOT = macosx;
			};
			name = Release;
		};
/* End XCBuildConfiguration section */

/* Begin XCConfigurationList section */
		055A817B15CD45D00033FA0C /* Build configuration list for PBXNativeTarget "WorldKitCommon" */ = {
			isa = XCConfigurationList;
			buildConfigurations = (
				055A817C15CD45D00033FA0C /* Debug */,
				055A817D15CD45D00033FA0C /* Release */,
			);
			defaultConfigurationIsVisible = 0;
			defaultConfigurationName = Release;
		};
		055A817E15CD45D00033FA0C /* Build configuration list for PBXNativeTarget "WorldKitCommonTests" */ = {
			isa = XCConfigurationList;
			buildConfigurations = (
				055A817F15CD45D00033FA0C /* Debug */,
				055A818015CD45D00033FA0C /* Release */,
			);
			defaultConfigurationIsVisible = 0;
			defaultConfigurationName = Release;
		};
		05AD0D8A16341D9500DF7452 /* Build configuration list for PBXNativeTarget "WorldKitServer" */ = {
			isa = XCConfigurationList;
			buildConfigurations = (
				05AD0D8B16341D9500DF7452 /* Debug */,
				05AD0D8C16341D9500DF7452 /* Release */,
			);
			defaultConfigurationIsVisible = 0;
			defaultConfigurationName = Release;
		};
		05AD0DA716341D9E00DF7452 /* Build configuration list for PBXNativeTarget "WorldKitClient" */ = {
			isa = XCConfigurationList;
			buildConfigurations = (
				05AD0DA816341D9E00DF7452 /* Debug */,
				05AD0DA916341D9E00DF7452 /* Release */,
			);
			defaultConfigurationIsVisible = 0;
			defaultConfigurationName = Release;
		};
		05F779DC15B84D320059B13A /* Build configuration list for PBXProject "WorldKit" */ = {
			isa = XCConfigurationList;
			buildConfigurations = (
				05F779FE15B84D320059B13A /* Debug */,
				05F779FF15B84D320059B13A /* Release */,
			);
			defaultConfigurationIsVisible = 0;
			defaultConfigurationName = Release;
		};
/* End XCConfigurationList section */
	};
	rootObject = 05F779D915B84D320059B13A /* Project object */;
}
